
Microsoft Visual Studio Solution File, Format Version 12.00
# Visual Studio Version 17
VisualStudioVersion = 17.1.32113.165
MinimumVisualStudioVersion = 10.0.40219.1
Project("{FAE04EC0-301F-11D3-BF4B-00C04F79EFBC}") = "191_Number_of_1_Bits", "191_Number_of_1_Bits.csproj", "{3DCE0B02-0BBD-407C-92A6-711FD5056E93}"
EndProject
Global
	GlobalSection(SolutionConfigurationPlatforms) = preSolution
		Debug|Any CPU = Debug|Any CPU
		Release|Any CPU = Release|Any CPU
	EndGlobalSection
	GlobalSection(ProjectConfigurationPlatforms) = postSolution
		{3DCE0B02-0BBD-407C-92A6-711FD5056E93}.Debug|Any CPU.ActiveCfg = Debug|Any CPU
		{3DCE0B02-0BBD-407C-92A6-711FD5056E93}.Debug|Any CPU.Build.0 = Debug|Any CPU
		{3DCE0B02-0BBD-407C-92A6-711FD5056E93}.Release|Any CPU.ActiveCfg = Release|Any CPU
		{3DCE0B02-0BBD-407C-92A6-711FD5056E93}.Release|Any CPU.Build.0 = Release|Any CPU
	EndGlobalSection
	GlobalSection(SolutionProperties) = preSolution
		HideSolutionNode = FALSE
	EndGlobalSection
	GlobalSection(ExtensibilityGlobals) = postSolution
		SolutionGuid = {E5BC95B5-50C2-458A-AED8-B232504F0FF2}
	EndGlobalSection
EndGlobal
